
Microsoft Visual Studio Solution File, Format Version 12.00
Project("{FAE04EC0-301F-11D3-BF4B-00C04F79EFBC}") = "ApiTests", "ApiTests\ApiTests.csproj", "{809152BC-858C-4757-8C5A-AA35E061750B}"
EndProject
Project("{FAE04EC0-301F-11D3-BF4B-00C04F79EFBC}") = "swebAngulas", "Api\swebAngulas.csproj", "{8822050B-76AA-420E-8515-F2C912417C47}"
EndProject
Global
	GlobalSection(SolutionConfigurationPlatforms) = preSolution
		Debug|Any CPU = Debug|Any CPU
		Release|Any CPU = Release|Any CPU
	EndGlobalSection
	GlobalSection(ProjectConfigurationPlatforms) = postSolution
		{809152BC-858C-4757-8C5A-AA35E061750B}.Debug|Any CPU.ActiveCfg = Debug|Any CPU
		{809152BC-858C-4757-8C5A-AA35E061750B}.Debug|Any CPU.Build.0 = Debug|Any CPU
		{809152BC-858C-4757-8C5A-AA35E061750B}.Release|Any CPU.ActiveCfg = Release|Any CPU
		{809152BC-858C-4757-8C5A-AA35E061750B}.Release|Any CPU.Build.0 = Release|Any CPU
		{8822050B-76AA-420E-8515-F2C912417C47}.Debug|Any CPU.ActiveCfg = Debug|Any CPU
		{8822050B-76AA-420E-8515-F2C912417C47}.Debug|Any CPU.Build.0 = Debug|Any CPU
		{8822050B-76AA-420E-8515-F2C912417C47}.Release|Any CPU.ActiveCfg = Release|Any CPU
		{8822050B-76AA-420E-8515-F2C912417C47}.Release|Any CPU.Build.0 = Release|Any CPU
	EndGlobalSection
EndGlobal
